
Microsoft Visual Studio Solution File, Format Version 12.00
# Visual Studio 15
VisualStudioVersion = 15.0.27703.2026
MinimumVisualStudioVersion = 10.0.40219.1
Project("{FAE04EC0-301F-11D3-BF4B-00C04F79EFBC}") = "Chinook.Data", "Chinook.Data\Chinook.Data.csproj", "{61B703AB-6C7B-483E-82AD-3B3E994053B5}"
EndProject
Project("{FAE04EC0-301F-11D3-BF4B-00C04F79EFBC}") = "ChinookSystem", "ChinookSystem\ChinookSystem.csproj", "{C9CB02C0-067E-41C5-9AD0-33AACE342DA5}"
EndProject
Project("{FAE04EC0-301F-11D3-BF4B-00C04F79EFBC}") = "WebApp", "WebApp\WebApp.csproj", "{8FA379A9-9D2B-45AD-B6AC-1607C2039584}"
EndProject
Global
	GlobalSection(SolutionConfigurationPlatforms) = preSolution
		Debug|Any CPU = Debug|Any CPU
		Release|Any CPU = Release|Any CPU
	EndGlobalSection
	GlobalSection(ProjectConfigurationPlatforms) = postSolution
		{61B703AB-6C7B-483E-82AD-3B3E994053B5}.Debug|Any CPU.ActiveCfg = Debug|Any CPU
		{61B703AB-6C7B-483E-82AD-3B3E994053B5}.Debug|Any CPU.Build.0 = Debug|Any CPU
		{61B703AB-6C7B-483E-82AD-3B3E994053B5}.Release|Any CPU.ActiveCfg = Release|Any CPU
		{61B703AB-6C7B-483E-82AD-3B3E994053B5}.Release|Any CPU.Build.0 = Release|Any CPU
		{C9CB02C0-067E-41C5-9AD0-33AACE342DA5}.Debug|Any CPU.ActiveCfg = Debug|Any CPU
		{C9CB02C0-067E-41C5-9AD0-33AACE342DA5}.Debug|Any CPU.Build.0 = Debug|Any CPU
		{C9CB02C0-067E-41C5-9AD0-33AACE342DA5}.Release|Any CPU.ActiveCfg = Release|Any CPU
		{C9CB02C0-067E-41C5-9AD0-33AACE342DA5}.Release|Any CPU.Build.0 = Release|Any CPU
		{8FA379A9-9D2B-45AD-B6AC-1607C2039584}.Debug|Any CPU.ActiveCfg = Debug|Any CPU
		{8FA379A9-9D2B-45AD-B6AC-1607C2039584}.Debug|Any CPU.Build.0 = Debug|Any CPU
		{8FA379A9-9D2B-45AD-B6AC-1607C2039584}.Release|Any CPU.ActiveCfg = Release|Any CPU
		{8FA379A9-9D2B-45AD-B6AC-1607C2039584}.Release|Any CPU.Build.0 = Release|Any CPU
	EndGlobalSection
	GlobalSection(SolutionProperties) = preSolution
		HideSolutionNode = FALSE
	EndGlobalSection
	GlobalSection(ExtensibilityGlobals) = postSolution
		SolutionGuid = {D2C1E5E3-8778-4949-A61D-DB0FF0BDB975}
	EndGlobalSection
EndGlobal
